
Microsoft Visual Studio Solution File, Format Version 12.00
# Visual Studio Version 17
VisualStudioVersion = 17.4.33213.308
MinimumVisualStudioVersion = 10.0.40219.1
Project("{FAE04EC0-301F-11D3-BF4B-00C04F79EFBC}") = "Semana062023C.Android", "Semana062023C\Semana062023C.Android\Semana062023C.Android.csproj", "{1278B73D-28CE-408F-A9A2-9F50478173C4}"
EndProject
Project("{FAE04EC0-301F-11D3-BF4B-00C04F79EFBC}") = "Semana062023C.iOS", "Semana062023C\Semana062023C.iOS\Semana062023C.iOS.csproj", "{419F8117-78EE-4163-B5C6-4590450894C6}"
EndProject
Project("{FAE04EC0-301F-11D3-BF4B-00C04F79EFBC}") = "Semana062023C", "Semana062023C\Semana062023C\Semana062023C.csproj", "{C55AFD99-0B86-4193-80DC-1C9ED40C4110}"
EndProject
Global
	GlobalSection(SolutionConfigurationPlatforms) = preSolution
		Debug|Any CPU = Debug|Any CPU
		Debug|iPhone = Debug|iPhone
		Debug|iPhoneSimulator = Debug|iPhoneSimulator
		Release|Any CPU = Release|Any CPU
		Release|iPhone = Release|iPhone
		Release|iPhoneSimulator = Release|iPhoneSimulator
	EndGlobalSection
	GlobalSection(ProjectConfigurationPlatforms) = postSolution
		{1278B73D-28CE-408F-A9A2-9F50478173C4}.Debug|Any CPU.ActiveCfg = Debug|Any CPU
		{1278B73D-28CE-408F-A9A2-9F50478173C4}.Debug|Any CPU.Build.0 = Debug|Any CPU
		{1278B73D-28CE-408F-A9A2-9F50478173C4}.Debug|Any CPU.Deploy.0 = Debug|Any CPU
		{1278B73D-28CE-408F-A9A2-9F50478173C4}.Debug|iPhone.ActiveCfg = Debug|Any CPU
		{1278B73D-28CE-408F-A9A2-9F50478173C4}.Debug|iPhone.Build.0 = Debug|Any CPU
		{1278B73D-28CE-408F-A9A2-9F50478173C4}.Debug|iPhone.Deploy.0 = Debug|Any CPU
		{1278B73D-28CE-408F-A9A2-9F50478173C4}.Debug|iPhoneSimulator.ActiveCfg = Debug|Any CPU
		{1278B73D-28CE-408F-A9A2-9F50478173C4}.Debug|iPhoneSimulator.Build.0 = Debug|Any CPU
		{1278B73D-28CE-408F-A9A2-9F50478173C4}.Debug|iPhoneSimulator.Deploy.0 = Debug|Any CPU
		{1278B73D-28CE-408F-A9A2-9F50478173C4}.Release|Any CPU.ActiveCfg = Release|Any CPU
		{1278B73D-28CE-408F-A9A2-9F50478173C4}.Release|Any CPU.Build.0 = Release|Any CPU
		{1278B73D-28CE-408F-A9A2-9F50478173C4}.Release|Any CPU.Deploy.0 = Release|Any CPU
		{1278B73D-28CE-408F-A9A2-9F50478173C4}.Release|iPhone.ActiveCfg = Release|Any CPU
		{1278B73D-28CE-408F-A9A2-9F50478173C4}.Release|iPhone.Build.0 = Release|Any CPU
		{1278B73D-28CE-408F-A9A2-9F50478173C4}.Release|iPhone.Deploy.0 = Release|Any CPU
		{1278B73D-28CE-408F-A9A2-9F50478173C4}.Release|iPhoneSimulator.ActiveCfg = Release|Any CPU
		{1278B73D-28CE-408F-A9A2-9F50478173C4}.Release|iPhoneSimulator.Build.0 = Release|Any CPU
		{1278B73D-28CE-408F-A9A2-9F50478173C4}.Release|iPhoneSimulator.Deploy.0 = Release|Any CPU
		{419F8117-78EE-4163-B5C6-4590450894C6}.Debug|Any CPU.ActiveCfg = Debug|iPhone
		{419F8117-78EE-4163-B5C6-4590450894C6}.Debug|Any CPU.Build.0 = Debug|iPhone
		{419F8117-78EE-4163-B5C6-4590450894C6}.Debug|Any CPU.Deploy.0 = Debug|iPhone
		{419F8117-78EE-4163-B5C6-4590450894C6}.Debug|iPhone.ActiveCfg = Debug|iPhone
		{419F8117-78EE-4163-B5C6-4590450894C6}.Debug|iPhone.Build.0 = Debug|iPhone
		{419F8117-78EE-4163-B5C6-4590450894C6}.Debug|iPhone.Deploy.0 = Debug|iPhone
		{419F8117-78EE-4163-B5C6-4590450894C6}.Debug|iPhoneSimulator.ActiveCfg = Debug|iPhoneSimulator
		{419F8117-78EE-4163-B5C6-4590450894C6}.Debug|iPhoneSimulator.Build.0 = Debug|iPhoneSimulator
		{419F8117-78EE-4163-B5C6-4590450894C6}.Debug|iPhoneSimulator.Deploy.0 = Debug|iPhoneSimulator
		{419F8117-78EE-4163-B5C6-4590450894C6}.Release|Any CPU.ActiveCfg = Release|iPhoneSimulator
		{419F8117-78EE-4163-B5C6-4590450894C6}.Release|Any CPU.Build.0 = Release|iPhoneSimulator
		{419F8117-78EE-4163-B5C6-4590450894C6}.Release|Any CPU.Deploy.0 = Release|iPhoneSimulator
		{419F8117-78EE-4163-B5C6-4590450894C6}.Release|iPhone.ActiveCfg = Release|iPhone
		{419F8117-78EE-4163-B5C6-4590450894C6}.Release|iPhone.Build.0 = Release|iPhone
		{419F8117-78EE-4163-B5C6-4590450894C6}.Release|iPhone.Deploy.0 = Release|iPhone
		{419F8117-78EE-4163-B5C6-4590450894C6}.Release|iPhoneSimulator.ActiveCfg = Release|iPhoneSimulator
		{419F8117-78EE-4163-B5C6-4590450894C6}.Release|iPhoneSimulator.Build.0 = Release|iPhoneSimulator
		{419F8117-78EE-4163-B5C6-4590450894C6}.Release|iPhoneSimulator.Deploy.0 = Release|iPhoneSimulator
		{C55AFD99-0B86-4193-80DC-1C9ED40C4110}.Debug|Any CPU.ActiveCfg = Debug|Any CPU
		{C55AFD99-0B86-4193-80DC-1C9ED40C4110}.Debug|Any CPU.Build.0 = Debug|Any CPU
		{C55AFD99-0B86-4193-80DC-1C9ED40C4110}.Debug|Any CPU.Deploy.0 = Debug|Any CPU
		{C55AFD99-0B86-4193-80DC-1C9ED40C4110}.Debug|iPhone.ActiveCfg = Debug|Any CPU
		{C55AFD99-0B86-4193-80DC-1C9ED40C4110}.Debug|iPhone.Build.0 = Debug|Any CPU
		{C55AFD99-0B86-4193-80DC-1C9ED40C4110}.Debug|iPhone.Deploy.0 = Debug|Any CPU
		{C55AFD99-0B86-4193-80DC-1C9ED40C4110}.Debug|iPhoneSimulator.ActiveCfg = Debug|Any CPU
		{C55AFD99-0B86-4193-80DC-1C9ED40C4110}.Debug|iPhoneSimulator.Build.0 = Debug|Any CPU
		{C55AFD99-0B86-4193-80DC-1C9ED40C4110}.Debug|iPhoneSimulator.Deploy.0 = Debug|Any CPU
		{C55AFD99-0B86-4193-80DC-1C9ED40C4110}.Release|Any CPU.ActiveCfg = Release|Any CPU
		{C55AFD99-0B86-4193-80DC-1C9ED40C4110}.Release|Any CPU.Build.0 = Release|Any CPU
		{C55AFD99-0B86-4193-80DC-1C9ED40C4110}.Release|Any CPU.Deploy.0 = Release|Any CPU
		{C55AFD99-0B86-4193-80DC-1C9ED40C4110}.Release|iPhone.ActiveCfg = Release|Any CPU
		{C55AFD99-0B86-4193-80DC-1C9ED40C4110}.Release|iPhone.Build.0 = Release|Any CPU
		{C55AFD99-0B86-4193-80DC-1C9ED40C4110}.Release|iPhone.Deploy.0 = Release|Any CPU
		{C55AFD99-0B86-4193-80DC-1C9ED40C4110}.Release|iPhoneSimulator.ActiveCfg = Release|Any CPU
		{C55AFD99-0B86-4193-80DC-1C9ED40C4110}.Release|iPhoneSimulator.Build.0 = Release|Any CPU
		{C55AFD99-0B86-4193-80DC-1C9ED40C4110}.Release|iPhoneSimulator.Deploy.0 = Release|Any CPU
	EndGlobalSection
	GlobalSection(SolutionProperties) = preSolution
		HideSolutionNode = FALSE
	EndGlobalSection
	GlobalSection(ExtensibilityGlobals) = postSolution
		SolutionGuid = {4D7CED51-6DEA-4860-940B-B52046F1B2FE}
	EndGlobalSection
EndGlobal
